// !$*UTF8*$!
{
	archiveVersion = 1;
	classes = {
	};
	objectVersion = 50;
	objects = {

/* Begin PBXBuildFile section */
		2935C247F1D36FE1B122AE0C /* Pods_Flix.framework in Frameworks */ = {isa = PBXBuildFile; fileRef = 28B9A8FA54009DDFEB7F4236 /* Pods_Flix.framework */; };
		31EE791AC0DDB80AC1AEAFBD /* Pods_Flix_FlixUITests.framework in Frameworks */ = {isa = PBXBuildFile; fileRef = BA4B6259D28CF33472E864AA /* Pods_Flix_FlixUITests.framework */; };
		9C0A1D035E85BB5D43B8554C /* Pods_FlixTests.framework in Frameworks */ = {isa = PBXBuildFile; fileRef = 5F277C40E0BF70159ADBCE05 /* Pods_FlixTests.framework */; };
		C29B911625E18F77002FDA04 /* AppDelegate.swift in Sources */ = {isa = PBXBuildFile; fileRef = C29B911525E18F77002FDA04 /* AppDelegate.swift */; };
		C29B911825E18F77002FDA04 /* SceneDelegate.swift in Sources */ = {isa = PBXBuildFile; fileRef = C29B911725E18F77002FDA04 /* SceneDelegate.swift */; };
		C29B911A25E18F77002FDA04 /* ViewController.swift in Sources */ = {isa = PBXBuildFile; fileRef = C29B911925E18F77002FDA04 /* ViewController.swift */; };
		C29B911D25E18F77002FDA04 /* Main.storyboard in Resources */ = {isa = PBXBuildFile; fileRef = C29B911B25E18F77002FDA04 /* Main.storyboard */; };
		C29B911F25E18F77002FDA04 /* Assets.xcassets in Resources */ = {isa = PBXBuildFile; fileRef = C29B911E25E18F77002FDA04 /* Assets.xcassets */; };
		C29B912225E18F77002FDA04 /* LaunchScreen.storyboard in Resources */ = {isa = PBXBuildFile; fileRef = C29B912025E18F77002FDA04 /* LaunchScreen.storyboard */; };
		C29B912D25E18F78002FDA04 /* FlixTests.swift in Sources */ = {isa = PBXBuildFile; fileRef = C29B912C25E18F78002FDA04 /* FlixTests.swift */; };
		C29B913825E18F78002FDA04 /* FlixUITests.swift in Sources */ = {isa = PBXBuildFile; fileRef = C29B913725E18F78002FDA04 /* FlixUITests.swift */; };
		C29B914925E19F70002FDA04 /* MovieViewController.swift in Sources */ = {isa = PBXBuildFile; fileRef = C29B914825E19F70002FDA04 /* MovieViewController.swift */; };
		C29B914E25E1BA67002FDA04 /* MovieCell.swift in Sources */ = {isa = PBXBuildFile; fileRef = C29B914D25E1BA67002FDA04 /* MovieCell.swift */; };
/* End PBXBuildFile section */

/* Begin PBXContainerItemProxy section */
		C29B912925E18F78002FDA04 /* PBXContainerItemProxy */ = {
			isa = PBXContainerItemProxy;
			containerPortal = C29B910A25E18F77002FDA04 /* Project object */;
			proxyType = 1;
			remoteGlobalIDString = C29B911125E18F77002FDA04;
			remoteInfo = Flix;
		};
		C29B913425E18F78002FDA04 /* PBXContainerItemProxy */ = {
			isa = PBXContainerItemProxy;
			containerPortal = C29B910A25E18F77002FDA04 /* Project object */;
			proxyType = 1;
			remoteGlobalIDString = C29B911125E18F77002FDA04;
			remoteInfo = Flix;
		};
/* End PBXContainerItemProxy section */

/* Begin PBXFileReference section */
		28B9A8FA54009DDFEB7F4236 /* Pods_Flix.framework */ = {isa = PBXFileReference; explicitFileType = wrapper.framework; includeInIndex = 0; path = Pods_Flix.framework; sourceTree = BUILT_PRODUCTS_DIR; };
		41EB092C3AAB77EBD9E9F72B /* Pods-Flix-FlixUITests.debug.xcconfig */ = {isa = PBXFileReference; includeInIndex = 1; lastKnownFileType = text.xcconfig; name = "Pods-Flix-FlixUITests.debug.xcconfig"; path = "Target Support Files/Pods-Flix-FlixUITests/Pods-Flix-FlixUITests.debug.xcconfig"; sourceTree = "<group>"; };
		52CEABBEF2AC3EE949BC650A /* Pods-FlixTests.release.xcconfig */ = {isa = PBXFileReference; includeInIndex = 1; lastKnownFileType = text.xcconfig; name = "Pods-FlixTests.release.xcconfig"; path = "Target Support Files/Pods-FlixTests/Pods-FlixTests.release.xcconfig"; sourceTree = "<group>"; };
		5F277C40E0BF70159ADBCE05 /* Pods_FlixTests.framework */ = {isa = PBXFileReference; explicitFileType = wrapper.framework; includeInIndex = 0; path = Pods_FlixTests.framework; sourceTree = BUILT_PRODUCTS_DIR; };
		67863316C674DD83A9CA2353 /* Pods-FlixTests.debug.xcconfig */ = {isa = PBXFileReference; includeInIndex = 1; lastKnownFileType = text.xcconfig; name = "Pods-FlixTests.debug.xcconfig"; path = "Target Support Files/Pods-FlixTests/Pods-FlixTests.debug.xcconfig"; sourceTree = "<group>"; };
		8898ACCFC547A7B0AC511888 /* Pods-Flix.release.xcconfig */ = {isa = PBXFileReference; includeInIndex = 1; lastKnownFileType = text.xcconfig; name = "Pods-Flix.release.xcconfig"; path = "Target Support Files/Pods-Flix/Pods-Flix.release.xcconfig"; sourceTree = "<group>"; };
		BA4B6259D28CF33472E864AA /* Pods_Flix_FlixUITests.framework */ = {isa = PBXFileReference; explicitFileType = wrapper.framework; includeInIndex = 0; path = Pods_Flix_FlixUITests.framework; sourceTree = BUILT_PRODUCTS_DIR; };
		C29B911225E18F77002FDA04 /* Flix.app */ = {isa = PBXFileReference; explicitFileType = wrapper.application; includeInIndex = 0; path = Flix.app; sourceTree = BUILT_PRODUCTS_DIR; };
		C29B911525E18F77002FDA04 /* AppDelegate.swift */ = {isa = PBXFileReference; lastKnownFileType = sourcecode.swift; path = AppDelegate.swift; sourceTree = "<group>"; };
		C29B911725E18F77002FDA04 /* SceneDelegate.swift */ = {isa = PBXFileReference; lastKnownFileType = sourcecode.swift; path = SceneDelegate.swift; sourceTree = "<group>"; };
		C29B911925E18F77002FDA04 /* ViewController.swift */ = {isa = PBXFileReference; lastKnownFileType = sourcecode.swift; path = ViewController.swift; sourceTree = "<group>"; };
		C29B911C25E18F77002FDA04 /* Base */ = {isa = PBXFileReference; lastKnownFileType = file.storyboard; name = Base; path = Base.lproj/Main.storyboard; sourceTree = "<group>"; };
		C29B911E25E18F77002FDA04 /* Assets.xcassets */ = {isa = PBXFileReference; lastKnownFileType = folder.assetcatalog; path = Assets.xcassets; sourceTree = "<group>"; };
		C29B912125E18F77002FDA04 /* Base */ = {isa = PBXFileReference; lastKnownFileType = file.storyboard; name = Base; path = Base.lproj/LaunchScreen.storyboard; sourceTree = "<group>"; };
		C29B912325E18F77002FDA04 /* Info.plist */ = {isa = PBXFileReference; lastKnownFileType = text.plist.xml; path = Info.plist; sourceTree = "<group>"; };
		C29B912825E18F78002FDA04 /* FlixTests.xctest */ = {isa = PBXFileReference; explicitFileType = wrapper.cfbundle; includeInIndex = 0; path = FlixTests.xctest; sourceTree = BUILT_PRODUCTS_DIR; };
		C29B912C25E18F78002FDA04 /* FlixTests.swift */ = {isa = PBXFileReference; lastKnownFileType = sourcecode.swift; path = FlixTests.swift; sourceTree = "<group>"; };
		C29B912E25E18F78002FDA04 /* Info.plist */ = {isa = PBXFileReference; lastKnownFileType = text.plist.xml; path = Info.plist; sourceTree = "<group>"; };
		C29B913325E18F78002FDA04 /* FlixUITests.xctest */ = {isa = PBXFileReference; explicitFileType = wrapper.cfbundle; includeInIndex = 0; path = FlixUITests.xctest; sourceTree = BUILT_PRODUCTS_DIR; };
		C29B913725E18F78002FDA04 /* FlixUITests.swift */ = {isa = PBXFileReference; lastKnownFileType = sourcecode.swift; path = FlixUITests.swift; sourceTree = "<group>"; };
		C29B913925E18F78002FDA04 /* Info.plist */ = {isa = PBXFileReference; lastKnownFileType = text.plist.xml; path = Info.plist; sourceTree = "<group>"; };
		C29B914825E19F70002FDA04 /* MovieViewController.swift */ = {isa = PBXFileReference; lastKnownFileType = sourcecode.swift; path = MovieViewController.swift; sourceTree = "<group>"; };
		C29B914D25E1BA67002FDA04 /* MovieCell.swift */ = {isa = PBXFileReference; lastKnownFileType = sourcecode.swift; path = MovieCell.swift; sourceTree = "<group>"; };
		CCE5716A5781F44EDB4FB8B0 /* Pods-Flix.debug.xcconfig */ = {isa = PBXFileReference; includeInIndex = 1; lastKnownFileType = text.xcconfig; name = "Pods-Flix.debug.xcconfig"; path = "Target Support Files/Pods-Flix/Pods-Flix.debug.xcconfig"; sourceTree = "<group>"; };
		CDDD4E5A434AC8BCC041807D /* Pods-Flix-FlixUITests.release.xcconfig */ = {isa = PBXFileReference; includeInIndex = 1; lastKnownFileType = text.xcconfig; name = "Pods-Flix-FlixUITests.release.xcconfig"; path = "Target Support Files/Pods-Flix-FlixUITests/Pods-Flix-FlixUITests.release.xcconfig"; sourceTree = "<group>"; };
/* End PBXFileReference section */

/* Begin PBXFrameworksBuildPhase section */
		C29B910F25E18F77002FDA04 /* Frameworks */ = {
			isa = PBXFrameworksBuildPhase;
			buildActionMask = 2147483647;
			files = (
				2935C247F1D36FE1B122AE0C /* Pods_Flix.framework in Frameworks */,
			);
			runOnlyForDeploymentPostprocessing = 0;
		};
		C29B912525E18F78002FDA04 /* Frameworks */ = {
			isa = PBXFrameworksBuildPhase;
			buildActionMask = 2147483647;
			files = (
				9C0A1D035E85BB5D43B8554C /* Pods_FlixTests.framework in Frameworks */,
			);
			runOnlyForDeploymentPostprocessing = 0;
		};
		C29B913025E18F78002FDA04 /* Frameworks */ = {
			isa = PBXFrameworksBuildPhase;
			buildActionMask = 2147483647;
			files = (
				31EE791AC0DDB80AC1AEAFBD /* Pods_Flix_FlixUITests.framework in Frameworks */,
			);
			runOnlyForDeploymentPostprocessing = 0;
		};
/* End PBXFrameworksBuildPhase section */

/* Begin PBXGroup section */
		6F6319223797EBEC2FB9DC17 /* Frameworks */ = {
			isa = PBXGroup;
			children = (
				28B9A8FA54009DDFEB7F4236 /* Pods_Flix.framework */,
				BA4B6259D28CF33472E864AA /* Pods_Flix_FlixUITests.framework */,
				5F277C40E0BF70159ADBCE05 /* Pods_FlixTests.framework */,
			);
			name = Frameworks;
			sourceTree = "<group>";
		};
		88B19C4618E49ED0EB50F2CA /* Pods */ = {
			isa = PBXGroup;
			children = (
				CCE5716A5781F44EDB4FB8B0 /* Pods-Flix.debug.xcconfig */,
				8898ACCFC547A7B0AC511888 /* Pods-Flix.release.xcconfig */,
				41EB092C3AAB77EBD9E9F72B /* Pods-Flix-FlixUITests.debug.xcconfig */,
				CDDD4E5A434AC8BCC041807D /* Pods-Flix-FlixUITests.release.xcconfig */,
				67863316C674DD83A9CA2353 /* Pods-FlixTests.debug.xcconfig */,
				52CEABBEF2AC3EE949BC650A /* Pods-FlixTests.release.xcconfig */,
			);
			name = Pods;
			path = Pods;
			sourceTree = "<group>";
		};
		C29B910925E18F77002FDA04 = {
			isa = PBXGroup;
			children = (
				C29B911425E18F77002FDA04 /* Flix */,
				C29B912B25E18F78002FDA04 /* FlixTests */,
				C29B913625E18F78002FDA04 /* FlixUITests */,
				C29B911325E18F77002FDA04 /* Products */,
				88B19C4618E49ED0EB50F2CA /* Pods */,
				6F6319223797EBEC2FB9DC17 /* Frameworks */,
			);
			sourceTree = "<group>";
		};
		C29B911325E18F77002FDA04 /* Products */ = {
			isa = PBXGroup;
			children = (
				C29B911225E18F77002FDA04 /* Flix.app */,
				C29B912825E18F78002FDA04 /* FlixTests.xctest */,
				C29B913325E18F78002FDA04 /* FlixUITests.xctest */,
			);
			name = Products;
			sourceTree = "<group>";
		};
		C29B911425E18F77002FDA04 /* Flix */ = {
			isa = PBXGroup;
			children = (
				C29B911525E18F77002FDA04 /* AppDelegate.swift */,
				C29B911725E18F77002FDA04 /* SceneDelegate.swift */,
				C29B911925E18F77002FDA04 /* ViewController.swift */,
				C29B911B25E18F77002FDA04 /* Main.storyboard */,
				C29B911E25E18F77002FDA04 /* Assets.xcassets */,
				C29B912025E18F77002FDA04 /* LaunchScreen.storyboard */,
				C29B912325E18F77002FDA04 /* Info.plist */,
				C29B914825E19F70002FDA04 /* MovieViewController.swift */,
				C29B914D25E1BA67002FDA04 /* MovieCell.swift */,
			);
			path = Flix;
			sourceTree = "<group>";
		};
		C29B912B25E18F78002FDA04 /* FlixTests */ = {
			isa = PBXGroup;
			children = (
				C29B912C25E18F78002FDA04 /* FlixTests.swift */,
				C29B912E25E18F78002FDA04 /* Info.plist */,
			);
			path = FlixTests;
			sourceTree = "<group>";
		};
		C29B913625E18F78002FDA04 /* FlixUITests */ = {
			isa = PBXGroup;
			children = (
				C29B913725E18F78002FDA04 /* FlixUITests.swift */,
				C29B913925E18F78002FDA04 /* Info.plist */,
			);
			path = FlixUITests;
			sourceTree = "<group>";
		};
/* End PBXGroup section */

/* Begin PBXNativeTarget section */
		C29B911125E18F77002FDA04 /* Flix */ = {
			isa = PBXNativeTarget;
			buildConfigurationList = C29B913C25E18F78002FDA04 /* Build configuration list for PBXNativeTarget "Flix" */;
			buildPhases = (
				E5E4271817AE4EDFB5961AB9 /* [CP] Check Pods Manifest.lock */,
				C29B910E25E18F77002FDA04 /* Sources */,
				C29B910F25E18F77002FDA04 /* Frameworks */,
				C29B911025E18F77002FDA04 /* Resources */,
				9CD6695F5F3B539D94306929 /* [CP] Embed Pods Frameworks */,
			);
			buildRules = (
			);
			dependencies = (
			);
			name = Flix;
			productName = Flix;
			productReference = C29B911225E18F77002FDA04 /* Flix.app */;
			productType = "com.apple.product-type.application";
		};
		C29B912725E18F78002FDA04 /* FlixTests */ = {
			isa = PBXNativeTarget;
			buildConfigurationList = C29B913F25E18F78002FDA04 /* Build configuration list for PBXNativeTarget "FlixTests" */;
			buildPhases = (
				52B23791473276CAD6CC11E1 /* [CP] Check Pods Manifest.lock */,
				C29B912425E18F78002FDA04 /* Sources */,
				C29B912525E18F78002FDA04 /* Frameworks */,
				C29B912625E18F78002FDA04 /* Resources */,
			);
			buildRules = (
			);
			dependencies = (
				C29B912A25E18F78002FDA04 /* PBXTargetDependency */,
			);
			name = FlixTests;
			productName = FlixTests;
			productReference = C29B912825E18F78002FDA04 /* FlixTests.xctest */;
			productType = "com.apple.product-type.bundle.unit-test";
		};
		C29B913225E18F78002FDA04 /* FlixUITests */ = {
			isa = PBXNativeTarget;
			buildConfigurationList = C29B914225E18F78002FDA04 /* Build configuration list for PBXNativeTarget "FlixUITests" */;
			buildPhases = (
				B5BE4B2C0ADA6E29D8F743C4 /* [CP] Check Pods Manifest.lock */,
				C29B912F25E18F78002FDA04 /* Sources */,
				C29B913025E18F78002FDA04 /* Frameworks */,
				C29B913125E18F78002FDA04 /* Resources */,
				7233BAD233BDBEE9C2AC709C /* [CP] Embed Pods Frameworks */,
			);
			buildRules = (
			);
			dependencies = (
				C29B913525E18F78002FDA04 /* PBXTargetDependency */,
			);
			name = FlixUITests;
			productName = FlixUITests;
			productReference = C29B913325E18F78002FDA04 /* FlixUITests.xctest */;
			productType = "com.apple.product-type.bundle.ui-testing";
		};
/* End PBXNativeTarget section */

/* Begin PBXProject section */
		C29B910A25E18F77002FDA04 /* Project object */ = {
			isa = PBXProject;
			attributes = {
				LastSwiftUpdateCheck = 1240;
				LastUpgradeCheck = 1240;
				TargetAttributes = {
					C29B911125E18F77002FDA04 = {
						CreatedOnToolsVersion = 12.4;
					};
					C29B912725E18F78002FDA04 = {
						CreatedOnToolsVersion = 12.4;
						TestTargetID = C29B911125E18F77002FDA04;
					};
					C29B913225E18F78002FDA04 = {
						CreatedOnToolsVersion = 12.4;
						TestTargetID = C29B911125E18F77002FDA04;
					};
				};
			};
			buildConfigurationList = C29B910D25E18F77002FDA04 /* Build configuration list for PBXProject "Flix" */;
			compatibilityVersion = "Xcode 9.3";
			developmentRegion = en;
			hasScannedForEncodings = 0;
			knownRegions = (
				en,
				Base,
			);
			mainGroup = C29B910925E18F77002FDA04;
			productRefGroup = C29B911325E18F77002FDA04 /* Products */;
			projectDirPath = "";
			projectRoot = "";
			targets = (
				C29B911125E18F77002FDA04 /* Flix */,
				C29B912725E18F78002FDA04 /* FlixTests */,
				C29B913225E18F78002FDA04 /* FlixUITests */,
			);
		};
/* End PBXProject section */

/* Begin PBXResourcesBuildPhase section */
		C29B911025E18F77002FDA04 /* Resources */ = {
			isa = PBXResourcesBuildPhase;
			buildActionMask = 2147483647;
			files = (
				C29B912225E18F77002FDA04 /* LaunchScreen.storyboard in Resources */,
				C29B911F25E18F77002FDA04 /* Assets.xcassets in Resources */,
				C29B911D25E18F77002FDA04 /* Main.storyboard in Resources */,
			);
			runOnlyForDeploymentPostprocessing = 0;
		};
		C29B912625E18F78002FDA04 /* Resources */ = {
			isa = PBXResourcesBuildPhase;
			buildActionMask = 2147483647;
			files = (
			);
			runOnlyForDeploymentPostprocessing = 0;
		};
		C29B913125E18F78002FDA04 /* Resources */ = {
			isa = PBXResourcesBuildPhase;
			buildActionMask = 2147483647;
			files = (
			);
			runOnlyForDeploymentPostprocessing = 0;
		};
/* End PBXResourcesBuildPhase section */

/* Begin PBXShellScriptBuildPhase section */
		52B23791473276CAD6CC11E1 /* [CP] Check Pods Manifest.lock */ = {
			isa = PBXShellScriptBuildPhase;
			buildActionMask = 2147483647;
			files = (
			);
			inputFileListPaths = (
			);
			inputPaths = (
				"${PODS_PODFILE_DIR_PATH}/Podfile.lock",
				"${PODS_ROOT}/Manifest.lock",
			);
			name = "[CP] Check Pods Manifest.lock";
			outputFileListPaths = (
			);
			outputPaths = (
				"$(DERIVED_FILE_DIR)/Pods-FlixTests-checkManifestLockResult.txt",
			);
			runOnlyForDeploymentPostprocessing = 0;
			shellPath = /bin/sh;
			shellScript = "diff \"${PODS_PODFILE_DIR_PATH}/Podfile.lock\" \"${PODS_ROOT}/Manifest.lock\" > /dev/null\nif [ $? != 0 ] ; then\n    # print error to STDERR\n    echo \"error: The sandbox is not in sync with the Podfile.lock. Run 'pod install' or update your CocoaPods installation.\" >&2\n    exit 1\nfi\n# This output is used by Xcode 'outputs' to avoid re-running this script phase.\necho \"SUCCESS\" > \"${SCRIPT_OUTPUT_FILE_0}\"\n";
			showEnvVarsInLog = 0;
		};
		7233BAD233BDBEE9C2AC709C /* [CP] Embed Pods Frameworks */ = {
			isa = PBXShellScriptBuildPhase;
			buildActionMask = 2147483647;
			files = (
			);
			inputFileListPaths = (
				"${PODS_ROOT}/Target Support Files/Pods-Flix-FlixUITests/Pods-Flix-FlixUITests-frameworks-${CONFIGURATION}-input-files.xcfilelist",
			);
			name = "[CP] Embed Pods Frameworks";
			outputFileListPaths = (
				"${PODS_ROOT}/Target Support Files/Pods-Flix-FlixUITests/Pods-Flix-FlixUITests-frameworks-${CONFIGURATION}-output-files.xcfilelist",
			);
			runOnlyForDeploymentPostprocessing = 0;
			shellPath = /bin/sh;
			shellScript = "\"${PODS_ROOT}/Target Support Files/Pods-Flix-FlixUITests/Pods-Flix-FlixUITests-frameworks.sh\"\n";
			showEnvVarsInLog = 0;
		};
		9CD6695F5F3B539D94306929 /* [CP] Embed Pods Frameworks */ = {
			isa = PBXShellScriptBuildPhase;
			buildActionMask = 2147483647;
			files = (
			);
			inputFileListPaths = (
				"${PODS_ROOT}/Target Support Files/Pods-Flix/Pods-Flix-frameworks-${CONFIGURATION}-input-files.xcfilelist",
			);
			name = "[CP] Embed Pods Frameworks";
			outputFileListPaths = (
				"${PODS_ROOT}/Target Support Files/Pods-Flix/Pods-Flix-frameworks-${CONFIGURATION}-output-files.xcfilelist",
			);
			runOnlyForDeploymentPostprocessing = 0;
			shellPath = /bin/sh;
			shellScript = "\"${PODS_ROOT}/Target Support Files/Pods-Flix/Pods-Flix-frameworks.sh\"\n";
			showEnvVarsInLog = 0;
		};
		B5BE4B2C0ADA6E29D8F743C4 /* [CP] Check Pods Manifest.lock */ = {
			isa = PBXShellScriptBuildPhase;
			buildActionMask = 2147483647;
			files = (
			);
			inputFileListPaths = (
			);
			inputPaths = (
				"${PODS_PODFILE_DIR_PATH}/Podfile.lock",
				"${PODS_ROOT}/Manifest.lock",
			);
			name = "[CP] Check Pods Manifest.lock";
			outputFileListPaths = (
			);
			outputPaths = (
				"$(DERIVED_FILE_DIR)/Pods-Flix-FlixUITests-checkManifestLockResult.txt",
			);
			runOnlyForDeploymentPostprocessing = 0;
			shellPath = /bin/sh;
			shellScript = "diff \"${PODS_PODFILE_DIR_PATH}/Podfile.lock\" \"${PODS_ROOT}/Manifest.lock\" > /dev/null\nif [ $? != 0 ] ; then\n    # print error to STDERR\n    echo \"error: The sandbox is not in sync with the Podfile.lock. Run 'pod install' or update your CocoaPods installation.\" >&2\n    exit 1\nfi\n# This output is used by Xcode 'outputs' to avoid re-running this script phase.\necho \"SUCCESS\" > \"${SCRIPT_OUTPUT_FILE_0}\"\n";
			showEnvVarsInLog = 0;
		};
		E5E4271817AE4EDFB5961AB9 /* [CP] Check Pods Manifest.lock */ = {
			isa = PBXShellScriptBuildPhase;
			buildActionMask = 2147483647;
			files = (
			);
			inputFileListPaths = (
			);
			inputPaths = (
				"${PODS_PODFILE_DIR_PATH}/Podfile.lock",
				"${PODS_ROOT}/Manifest.lock",
			);
			name = "[CP] Check Pods Manifest.lock";
			outputFileListPaths = (
			);
			outputPaths = (
				"$(DERIVED_FILE_DIR)/Pods-Flix-checkManifestLockResult.txt",
			);
			runOnlyForDeploymentPostprocessing = 0;
			shellPath = /bin/sh;
			shellScript = "diff \"${PODS_PODFILE_DIR_PATH}/Podfile.lock\" \"${PODS_ROOT}/Manifest.lock\" > /dev/null\nif [ $? != 0 ] ; then\n    # print error to STDERR\n    echo \"error: The sandbox is not in sync with the Podfile.lock. Run 'pod install' or update your CocoaPods installation.\" >&2\n    exit 1\nfi\n# This output is used by Xcode 'outputs' to avoid re-running this script phase.\necho \"SUCCESS\" > \"${SCRIPT_OUTPUT_FILE_0}\"\n";
			showEnvVarsInLog = 0;
		};
/* End PBXShellScriptBuildPhase section */

/* Begin PBXSourcesBuildPhase section */
		C29B910E25E18F77002FDA04 /* Sources */ = {
			isa = PBXSourcesBuildPhase;
			buildActionMask = 2147483647;
			files = (
				C29B911A25E18F77002FDA04 /* ViewController.swift in Sources */,
				C29B911625E18F77002FDA04 /* AppDelegate.swift in Sources */,
				C29B911825E18F77002FDA04 /* SceneDelegate.swift in Sources */,
				C29B914E25E1BA67002FDA04 /* MovieCell.swift in Sources */,
				C29B914925E19F70002FDA04 /* MovieViewController.swift in Sources */,
			);
			runOnlyForDeploymentPostprocessing = 0;
		};
		C29B912425E18F78002FDA04 /* Sources */ = {
			isa = PBXSourcesBuildPhase;
			buildActionMask = 2147483647;
			files = (
				C29B912D25E18F78002FDA04 /* FlixTests.swift in Sources */,
			);
			runOnlyForDeploymentPostprocessing = 0;
		};
		C29B912F25E18F78002FDA04 /* Sources */ = {
			isa = PBXSourcesBuildPhase;
			buildActionMask = 2147483647;
			files = (
				C29B913825E18F78002FDA04 /* FlixUITests.swift in Sources */,
			);
			runOnlyForDeploymentPostprocessing = 0;
		};
/* End PBXSourcesBuildPhase section */

/* Begin PBXTargetDependency section */
		C29B912A25E18F78002FDA04 /* PBXTargetDependency */ = {
			isa = PBXTargetDependency;
			target = C29B911125E18F77002FDA04 /* Flix */;
			targetProxy = C29B912925E18F78002FDA04 /* PBXContainerItemProxy */;
		};
		C29B913525E18F78002FDA04 /* PBXTargetDependency */ = {
			isa = PBXTargetDependency;
			target = C29B911125E18F77002FDA04 /* Flix */;
			targetProxy = C29B913425E18F78002FDA04 /* PBXContainerItemProxy */;
		};
/* End PBXTargetDependency section */

/* Begin PBXVariantGroup section */
		C29B911B25E18F77002FDA04 /* Main.storyboard */ = {
			isa = PBXVariantGroup;
			children = (
				C29B911C25E18F77002FDA04 /* Base */,
			);
			name = Main.storyboard;
			sourceTree = "<group>";
		};
		C29B912025E18F77002FDA04 /* LaunchScreen.storyboard */ = {
			isa = PBXVariantGroup;
			children = (
				C29B912125E18F77002FDA04 /* Base */,
			);
			name = LaunchScreen.storyboard;
			sourceTree = "<group>";
		};
/* End PBXVariantGroup section */

/* Begin XCBuildConfiguration section */
		C29B913A25E18F78002FDA04 /* Debug */ = {
			isa = XCBuildConfiguration;
			buildSettings = {
				ALWAYS_SEARCH_USER_PATHS = NO;
				CLANG_ANALYZER_NONNULL = YES;
				CLANG_ANALYZER_NUMBER_OBJECT_CONVERSION = YES_AGGRESSIVE;
				CLANG_CXX_LANGUAGE_STANDARD = "gnu++14";
				CLANG_CXX_LIBRARY = "libc++";
				CLANG_ENABLE_MODULES = YES;
				CLANG_ENABLE_OBJC_ARC = YES;
				CLANG_ENABLE_OBJC_WEAK = YES;
				CLANG_WARN_BLOCK_CAPTURE_AUTORELEASING = YES;
				CLANG_WARN_BOOL_CONVERSION = YES;
				CLANG_WARN_COMMA = YES;
				CLANG_WARN_CONSTANT_CONVERSION = YES;
				CLANG_WARN_DEPRECATED_OBJC_IMPLEMENTATIONS = YES;
				CLANG_WARN_DIRECT_OBJC_ISA_USAGE = YES_ERROR;
				CLANG_WARN_DOCUMENTATION_COMMENTS = YES;
				CLANG_WARN_EMPTY_BODY = YES;
				CLANG_WARN_ENUM_CONVERSION = YES;
				CLANG_WARN_INFINITE_RECURSION = YES;
				CLANG_WARN_INT_CONVERSION = YES;
				CLANG_WARN_NON_LITERAL_NULL_CONVERSION = YES;
				CLANG_WARN_OBJC_IMPLICIT_RETAIN_SELF = YES;
				CLANG_WARN_OBJC_LITERAL_CONVERSION = YES;
				CLANG_WARN_OBJC_ROOT_CLASS = YES_ERROR;
				CLANG_WARN_QUOTED_INCLUDE_IN_FRAMEWORK_HEADER = YES;
				CLANG_WARN_RANGE_LOOP_ANALYSIS = YES;
				CLANG_WARN_STRICT_PROTOTYPES = YES;
				CLANG_WARN_SUSPICIOUS_MOVE = YES;
				CLANG_WARN_UNGUARDED_AVAILABILITY = YES_AGGRESSIVE;
				CLANG_WARN_UNREACHABLE_CODE = YES;
				CLANG_WARN__DUPLICATE_METHOD_MATCH = YES;
				COPY_PHASE_STRIP = NO;
				DEBUG_INFORMATION_FORMAT = dwarf;
				ENABLE_STRICT_OBJC_MSGSEND = YES;
				ENABLE_TESTABILITY = YES;
				GCC_C_LANGUAGE_STANDARD = gnu11;
				GCC_DYNAMIC_NO_PIC = NO;
				GCC_NO_COMMON_BLOCKS = YES;
				GCC_OPTIMIZATION_LEVEL = 0;
				GCC_PREPROCESSOR_DEFINITIONS = (
					"DEBUG=1",
					"$(inherited)",
				);
				GCC_WARN_64_TO_32_BIT_CONVERSION = YES;
				GCC_WARN_ABOUT_RETURN_TYPE = YES_ERROR;
				GCC_WARN_UNDECLARED_SELECTOR = YES;
				GCC_WARN_UNINITIALIZED_AUTOS = YES_AGGRESSIVE;
				GCC_WARN_UNUSED_FUNCTION = YES;
				GCC_WARN_UNUSED_VARIABLE = YES;
				IPHONEOS_DEPLOYMENT_TARGET = 14.4;
				MTL_ENABLE_DEBUG_INFO = INCLUDE_SOURCE;
				MTL_FAST_MATH = YES;
				ONLY_ACTIVE_ARCH = YES;
				SDKROOT = iphoneos;
				SWIFT_ACTIVE_COMPILATION_CONDITIONS = DEBUG;
				SWIFT_OPTIMIZATION_LEVEL = "-Onone";
			};
			name = Debug;
		};
		C29B913B25E18F78002FDA04 /* Release */ = {
			isa = XCBuildConfiguration;
			buildSettings = {
				ALWAYS_SEARCH_USER_PATHS = NO;
				CLANG_ANALYZER_NONNULL = YES;
				CLANG_ANALYZER_NUMBER_OBJECT_CONVERSION = YES_AGGRESSIVE;
				CLANG_CXX_LANGUAGE_STANDARD = "gnu++14";
				CLANG_CXX_LIBRARY = "libc++";
				CLANG_ENABLE_MODULES = YES;
				CLANG_ENABLE_OBJC_ARC = YES;
				CLANG_ENABLE_OBJC_WEAK = YES;
				CLANG_WARN_BLOCK_CAPTURE_AUTORELEASING = YES;
				CLANG_WARN_BOOL_CONVERSION = YES;
				CLANG_WARN_COMMA = YES;
				CLANG_WARN_CONSTANT_CONVERSION = YES;
				CLANG_WARN_DEPRECATED_OBJC_IMPLEMENTATIONS = YES;
				CLANG_WARN_DIRECT_OBJC_ISA_USAGE = YES_ERROR;
				CLANG_WARN_DOCUMENTATION_COMMENTS = YES;
				CLANG_WARN_EMPTY_BODY = YES;
				CLANG_WARN_ENUM_CONVERSION = YES;
				CLANG_WARN_INFINITE_RECURSION = YES;
				CLANG_WARN_INT_CONVERSION = YES;
				CLANG_WARN_NON_LITERAL_NULL_CONVERSION = YES;
				CLANG_WARN_OBJC_IMPLICIT_RETAIN_SELF = YES;
				CLANG_WARN_OBJC_LITERAL_CONVERSION = YES;
				CLANG_WARN_OBJC_ROOT_CLASS = YES_ERROR;
				CLANG_WARN_QUOTED_INCLUDE_IN_FRAMEWORK_HEADER = YES;
				CLANG_WARN_RANGE_LOOP_ANALYSIS = YES;
				CLANG_WARN_STRICT_PROTOTYPES = YES;
				CLANG_WARN_SUSPICIOUS_MOVE = YES;
				CLANG_WARN_UNGUARDED_AVAILABILITY = YES_AGGRESSIVE;
				CLANG_WARN_UNREACHABLE_CODE = YES;
				CLANG_WARN__DUPLICATE_METHOD_MATCH = YES;
				COPY_PHASE_STRIP = NO;
				DEBUG_INFORMATION_FORMAT = "dwarf-with-dsym";
				ENABLE_NS_ASSERTIONS = NO;
				ENABLE_STRICT_OBJC_MSGSEND = YES;
				GCC_C_LANGUAGE_STANDARD = gnu11;
				GCC_NO_COMMON_BLOCKS = YES;
				GCC_WARN_64_TO_32_BIT_CONVERSION = YES;
				GCC_WARN_ABOUT_RETURN_TYPE = YES_ERROR;
				GCC_WARN_UNDECLARED_SELECTOR = YES;
				GCC_WARN_UNINITIALIZED_AUTOS = YES_AGGRESSIVE;
				GCC_WARN_UNUSED_FUNCTION = YES;
				GCC_WARN_UNUSED_VARIABLE = YES;
				IPHONEOS_DEPLOYMENT_TARGET = 14.4;
				MTL_ENABLE_DEBUG_INFO = NO;
				MTL_FAST_MATH = YES;
				SDKROOT = iphoneos;
				SWIFT_COMPILATION_MODE = wholemodule;
				SWIFT_OPTIMIZATION_LEVEL = "-O";
				VALIDATE_PRODUCT = YES;
			};
			name = Release;
		};
		C29B913D25E18F78002FDA04 /* Debug */ = {
			isa = XCBuildConfiguration;
			baseConfigurationReference = CCE5716A5781F44EDB4FB8B0 /* Pods-Flix.debug.xcconfig */;
			buildSettings = {
				ASSETCATALOG_COMPILER_APPICON_NAME = AppIcon;
				ASSETCATALOG_COMPILER_GLOBAL_ACCENT_COLOR_NAME = AccentColor;
				CODE_SIGN_STYLE = Automatic;
				INFOPLIST_FILE = Flix/Info.plist;
				LD_RUNPATH_SEARCH_PATHS = (
					"$(inherited)",
					"@executable_path/Frameworks",
				);
				PRODUCT_BUNDLE_IDENTIFIER = kyle.kylegeorge.Flix;
				PRODUCT_NAME = "$(TARGET_NAME)";
				SWIFT_VERSION = 5.0;
				TARGETED_DEVICE_FAMILY = "1,2";
			};
			name = Debug;
		};
		C29B913E25E18F78002FDA04 /* Release */ = {
			isa = XCBuildConfiguration;
			baseConfigurationReference = 8898ACCFC547A7B0AC511888 /* Pods-Flix.release.xcconfig */;
			buildSettings = {
				ASSETCATALOG_COMPILER_APPICON_NAME = AppIcon;
				ASSETCATALOG_COMPILER_GLOBAL_ACCENT_COLOR_NAME = AccentColor;
				CODE_SIGN_STYLE = Automatic;
				INFOPLIST_FILE = Flix/Info.plist;
				LD_RUNPATH_SEARCH_PATHS = (
					"$(inherited)",
					"@executable_path/Frameworks",
				);
				PRODUCT_BUNDLE_IDENTIFIER = kyle.kylegeorge.Flix;
				PRODUCT_NAME = "$(TARGET_NAME)";
				SWIFT_VERSION = 5.0;
				TARGETED_DEVICE_FAMILY = "1,2";
			};
			name = Release;
		};
		C29B914025E18F78002FDA04 /* Debug */ = {
			isa = XCBuildConfiguration;
			baseConfigurationReference = 67863316C674DD83A9CA2353 /* Pods-FlixTests.debug.xcconfig */;
			buildSettings = {
				ALWAYS_EMBED_SWIFT_STANDARD_LIBRARIES = YES;
				BUNDLE_LOADER = "$(TEST_HOST)";
				CODE_SIGN_STYLE = Automatic;
				INFOPLIST_FILE = FlixTests/Info.plist;
				IPHONEOS_DEPLOYMENT_TARGET = 14.4;
				LD_RUNPATH_SEARCH_PATHS = (
					"$(inherited)",
					"@executable_path/Frameworks",
					"@loader_path/Frameworks",
				);
				PRODUCT_BUNDLE_IDENTIFIER = kyle.kylegeorge.FlixTests;
				PRODUCT_NAME = "$(TARGET_NAME)";
				SWIFT_VERSION = 5.0;
				TARGETED_DEVICE_FAMILY = "1,2";
				TEST_HOST = "$(BUILT_PRODUCTS_DIR)/Flix.app/Flix";
			};
			name = Debug;
		};
		C29B914125E18F78002FDA04 /* Release */ = {
			isa = XCBuildConfiguration;
			baseConfigurationReference = 52CEABBEF2AC3EE949BC650A /* Pods-FlixTests.release.xcconfig */;
			buildSettings = {
				ALWAYS_EMBED_SWIFT_STANDARD_LIBRARIES = YES;
				BUNDLE_LOADER = "$(TEST_HOST)";
				CODE_SIGN_STYLE = Automatic;
				INFOPLIST_FILE = FlixTests/Info.plist;
				IPHONEOS_DEPLOYMENT_TARGET = 14.4;
				LD_RUNPATH_SEARCH_PATHS = (
					"$(inherited)",
					"@executable_path/Frameworks",
					"@loader_path/Frameworks",
				);
				PRODUCT_BUNDLE_IDENTIFIER = kyle.kylegeorge.FlixTests;
				PRODUCT_NAME = "$(TARGET_NAME)";
				SWIFT_VERSION = 5.0;
				TARGETED_DEVICE_FAMILY = "1,2";
				TEST_HOST = "$(BUILT_PRODUCTS_DIR)/Flix.app/Flix";
			};
			name = Release;
		};
		C29B914325E18F78002FDA04 /* Debug */ = {
			isa = XCBuildConfiguration;
			baseConfigurationReference = 41EB092C3AAB77EBD9E9F72B /* Pods-Flix-FlixUITests.debug.xcconfig */;
			buildSettings = {
				ALWAYS_EMBED_SWIFT_STANDARD_LIBRARIES = YES;
				CODE_SIGN_STYLE = Automatic;
				INFOPLIST_FILE = FlixUITests/Info.plist;
				LD_RUNPATH_SEARCH_PATHS = (
					"$(inherited)",
					"@executable_path/Frameworks",
					"@loader_path/Frameworks",
				);
				PRODUCT_BUNDLE_IDENTIFIER = kyle.kylegeorge.FlixUITests;
				PRODUCT_NAME = "$(TARGET_NAME)";
				SWIFT_VERSION = 5.0;
				TARGETED_DEVICE_FAMILY = "1,2";
				TEST_TARGET_NAME = Flix;
			};
			name = Debug;
		};
		C29B914425E18F78002FDA04 /* Release */ = {
			isa = XCBuildConfiguration;
			baseConfigurationReference = CDDD4E5A434AC8BCC041807D /* Pods-Flix-FlixUITests.release.xcconfig */;
			buildSettings = {
				ALWAYS_EMBED_SWIFT_STANDARD_LIBRARIES = YES;
				CODE_SIGN_STYLE = Automatic;
				INFOPLIST_FILE = FlixUITests/Info.plist;
				LD_RUNPATH_SEARCH_PATHS = (
					"$(inherited)",
					"@executable_path/Frameworks",
					"@loader_path/Frameworks",
				);
				PRODUCT_BUNDLE_IDENTIFIER = kyle.kylegeorge.FlixUITests;
				PRODUCT_NAME = "$(TARGET_NAME)";
				SWIFT_VERSION = 5.0;
				TARGETED_DEVICE_FAMILY = "1,2";
				TEST_TARGET_NAME = Flix;
			};
			name = Release;
		};
/* End XCBuildConfiguration section */

/* Begin XCConfigurationList section */
		C29B910D25E18F77002FDA04 /* Build configuration list for PBXProject "Flix" */ = {
			isa = XCConfigurationList;
			buildConfigurations = (
				C29B913A25E18F78002FDA04 /* Debug */,
				C29B913B25E18F78002FDA04 /* Release */,
			);
			defaultConfigurationIsVisible = 0;
			defaultConfigurationName = Release;
		};
		C29B913C25E18F78002FDA04 /* Build configuration list for PBXNativeTarget "Flix" */ = {
			isa = XCConfigurationList;
			buildConfigurations = (
				C29B913D25E18F78002FDA04 /* Debug */,
				C29B913E25E18F78002FDA04 /* Release */,
			);
			defaultConfigurationIsVisible = 0;
			defaultConfigurationName = Release;
		};
		C29B913F25E18F78002FDA04 /* Build configuration list for PBXNativeTarget "FlixTests" */ = {
			isa = XCConfigurationList;
			buildConfigurations = (
				C29B914025E18F78002FDA04 /* Debug */,
				C29B914125E18F78002FDA04 /* Release */,
			);
			defaultConfigurationIsVisible = 0;
			defaultConfigurationName = Release;
		};
		C29B914225E18F78002FDA04 /* Build configuration list for PBXNativeTarget "FlixUITests" */ = {
			isa = XCConfigurationList;
			buildConfigurations = (
				C29B914325E18F78002FDA04 /* Debug */,
				C29B914425E18F78002FDA04 /* Release */,
			);
			defaultConfigurationIsVisible = 0;
			defaultConfigurationName = Release;
		};
/* End XCConfigurationList section */
	};
	rootObject = C29B910A25E18F77002FDA04 /* Project object */;
}
